<?xml version="1.0" encoding="utf-8"?>
<Project ToolsVersion="4.0" xmlns="http://schemas.microsoft.com/developer/msbuild/2003">
  <ItemGroup>
    <ClCompile Include="bmfr.cpp">
      <Filter>OpenCL</Filter>
    </ClCompile>
    <ClCompile Include="CLUtils\CLUtils.cpp">
      <Filter>OpenCL</Filter>
    </ClCompile>
    <ClCompile Include="..\main.cpp" />
    <ClCompile Include="..\cuda\bmfr_cuda.cpp">
      <Filter>Cuda</Filter>
    </ClCompile>
  </ItemGroup>
  <ItemGroup>
    <ClInclude Include="..\matlab\data\frames\camera_matrices.h" />
    <ClInclude Include="bmfr.hpp">
      <Filter>OpenCL</Filter>
    </ClInclude>
    <ClInclude Include="CLUtils\CLUtils.hpp">
      <Filter>OpenCL</Filter>
    </ClInclude>
    <ClInclude Include="..\cuda\bmfr.cuh">
      <Filter>Cuda</Filter>
    </ClInclude>
    <ClInclude Include="..\cuda\bmfr_cuda.hpp">
      <Filter>Cuda</Filter>
    </ClInclude>
    <ClInclude Include="..\Common.hpp" />
  </ItemGroup>
  <ItemGroup>
    <Filter Include="OpenCL">
      <UniqueIdentifier>{87b05e69-767b-4396-b767-83285c208689}</UniqueIdentifier>
    </Filter>
    <Filter Include="Cuda">
      <UniqueIdentifier>{43e9d8c0-c852-404d-87ad-cce7da30914b}</UniqueIdentifier>
    </Filter>
  </ItemGroup>
  <ItemGroup>
    <CudaCompile Include="..\cuda\bmfr.cu">
      <Filter>Cuda</Filter>
    </CudaCompile>
  </ItemGroup>
</Project>